// !$*UTF8*$!
{
	archiveVersion = 1;
	classes = {
	};
	objectVersion = 50;
	objects = {

/* Begin PBXBuildFile section */
		106DD55F234523AD00F78670 /* AppDelegate.swift in Sources */ = {isa = PBXBuildFile; fileRef = 106DD55E234523AD00F78670 /* AppDelegate.swift */; };
		106DD561234523AD00F78670 /* SceneDelegate.swift in Sources */ = {isa = PBXBuildFile; fileRef = 106DD560234523AD00F78670 /* SceneDelegate.swift */; };
		106DD563234523AD00F78670 /* ViewController.swift in Sources */ = {isa = PBXBuildFile; fileRef = 106DD562234523AD00F78670 /* ViewController.swift */; };
		106DD566234523AD00F78670 /* Main.storyboard in Resources */ = {isa = PBXBuildFile; fileRef = 106DD564234523AD00F78670 /* Main.storyboard */; };
		106DD568234523AE00F78670 /* Assets.xcassets in Resources */ = {isa = PBXBuildFile; fileRef = 106DD567234523AE00F78670 /* Assets.xcassets */; };
		106DD56B234523AE00F78670 /* LaunchScreen.storyboard in Resources */ = {isa = PBXBuildFile; fileRef = 106DD569234523AE00F78670 /* LaunchScreen.storyboard */; };
		106DD576234523AE00F78670 /* MomentsTests.swift in Sources */ = {isa = PBXBuildFile; fileRef = 106DD575234523AE00F78670 /* MomentsTests.swift */; };
		106DD581234523AE00F78670 /* MomentsUITests.swift in Sources */ = {isa = PBXBuildFile; fileRef = 106DD580234523AE00F78670 /* MomentsUITests.swift */; };
		10C48B0423452D7F009F604C /* QPTimer.swift in Sources */ = {isa = PBXBuildFile; fileRef = 10C48B0323452D7F009F604C /* QPTimer.swift */; };
/* End PBXBuildFile section */

/* Begin PBXContainerItemProxy section */
		106DD572234523AE00F78670 /* PBXContainerItemProxy */ = {
			isa = PBXContainerItemProxy;
			containerPortal = 106DD553234523AD00F78670 /* Project object */;
			proxyType = 1;
			remoteGlobalIDString = 106DD55A234523AD00F78670;
			remoteInfo = Moments;
		};
		106DD57D234523AE00F78670 /* PBXContainerItemProxy */ = {
			isa = PBXContainerItemProxy;
			containerPortal = 106DD553234523AD00F78670 /* Project object */;
			proxyType = 1;
			remoteGlobalIDString = 106DD55A234523AD00F78670;
			remoteInfo = Moments;
		};
/* End PBXContainerItemProxy section */

/* Begin PBXFileReference section */
		106DD55B234523AD00F78670 /* Moments.app */ = {isa = PBXFileReference; explicitFileType = wrapper.application; includeInIndex = 0; path = Moments.app; sourceTree = BUILT_PRODUCTS_DIR; };
		106DD55E234523AD00F78670 /* AppDelegate.swift */ = {isa = PBXFileReference; lastKnownFileType = sourcecode.swift; path = AppDelegate.swift; sourceTree = "<group>"; };
		106DD560234523AD00F78670 /* SceneDelegate.swift */ = {isa = PBXFileReference; lastKnownFileType = sourcecode.swift; path = SceneDelegate.swift; sourceTree = "<group>"; };
		106DD562234523AD00F78670 /* ViewController.swift */ = {isa = PBXFileReference; lastKnownFileType = sourcecode.swift; path = ViewController.swift; sourceTree = "<group>"; };
		106DD565234523AD00F78670 /* Base */ = {isa = PBXFileReference; lastKnownFileType = file.storyboard; name = Base; path = Base.lproj/Main.storyboard; sourceTree = "<group>"; };
		106DD567234523AE00F78670 /* Assets.xcassets */ = {isa = PBXFileReference; lastKnownFileType = folder.assetcatalog; path = Assets.xcassets; sourceTree = "<group>"; };
		106DD56A234523AE00F78670 /* Base */ = {isa = PBXFileReference; lastKnownFileType = file.storyboard; name = Base; path = Base.lproj/LaunchScreen.storyboard; sourceTree = "<group>"; };
		106DD56C234523AE00F78670 /* Info.plist */ = {isa = PBXFileReference; lastKnownFileType = text.plist.xml; path = Info.plist; sourceTree = "<group>"; };
		106DD571234523AE00F78670 /* MomentsTests.xctest */ = {isa = PBXFileReference; explicitFileType = wrapper.cfbundle; includeInIndex = 0; path = MomentsTests.xctest; sourceTree = BUILT_PRODUCTS_DIR; };
		106DD575234523AE00F78670 /* MomentsTests.swift */ = {isa = PBXFileReference; lastKnownFileType = sourcecode.swift; path = MomentsTests.swift; sourceTree = "<group>"; };
		106DD577234523AE00F78670 /* Info.plist */ = {isa = PBXFileReference; lastKnownFileType = text.plist.xml; path = Info.plist; sourceTree = "<group>"; };
		106DD57C234523AE00F78670 /* MomentsUITests.xctest */ = {isa = PBXFileReference; explicitFileType = wrapper.cfbundle; includeInIndex = 0; path = MomentsUITests.xctest; sourceTree = BUILT_PRODUCTS_DIR; };
		106DD580234523AE00F78670 /* MomentsUITests.swift */ = {isa = PBXFileReference; lastKnownFileType = sourcecode.swift; path = MomentsUITests.swift; sourceTree = "<group>"; };
		106DD582234523AE00F78670 /* Info.plist */ = {isa = PBXFileReference; lastKnownFileType = text.plist.xml; path = Info.plist; sourceTree = "<group>"; };
		10C48B0323452D7F009F604C /* QPTimer.swift */ = {isa = PBXFileReference; fileEncoding = 4; lastKnownFileType = sourcecode.swift; path = QPTimer.swift; sourceTree = "<group>"; };
/* End PBXFileReference section */

/* Begin PBXFrameworksBuildPhase section */
		106DD558234523AD00F78670 /* Frameworks */ = {
			isa = PBXFrameworksBuildPhase;
			buildActionMask = 2147483647;
			files = (
			);
			runOnlyForDeploymentPostprocessing = 0;
		};
		106DD56E234523AE00F78670 /* Frameworks */ = {
			isa = PBXFrameworksBuildPhase;
			buildActionMask = 2147483647;
			files = (
			);
			runOnlyForDeploymentPostprocessing = 0;
		};
		106DD579234523AE00F78670 /* Frameworks */ = {
			isa = PBXFrameworksBuildPhase;
			buildActionMask = 2147483647;
			files = (
			);
			runOnlyForDeploymentPostprocessing = 0;
		};
/* End PBXFrameworksBuildPhase section */

/* Begin PBXGroup section */
		106DD552234523AD00F78670 = {
			isa = PBXGroup;
			children = (
				106DD55D234523AD00F78670 /* Moments */,
				106DD574234523AE00F78670 /* MomentsTests */,
				106DD57F234523AE00F78670 /* MomentsUITests */,
				106DD55C234523AD00F78670 /* Products */,
			);
			sourceTree = "<group>";
		};
		106DD55C234523AD00F78670 /* Products */ = {
			isa = PBXGroup;
			children = (
				106DD55B234523AD00F78670 /* Moments.app */,
				106DD571234523AE00F78670 /* MomentsTests.xctest */,
				106DD57C234523AE00F78670 /* MomentsUITests.xctest */,
			);
			name = Products;
			sourceTree = "<group>";
		};
		106DD55D234523AD00F78670 /* Moments */ = {
			isa = PBXGroup;
			children = (
				10C48B0323452D7F009F604C /* QPTimer.swift */,
				106DD55E234523AD00F78670 /* AppDelegate.swift */,
				106DD560234523AD00F78670 /* SceneDelegate.swift */,
				106DD562234523AD00F78670 /* ViewController.swift */,
				106DD564234523AD00F78670 /* Main.storyboard */,
				106DD567234523AE00F78670 /* Assets.xcassets */,
				106DD569234523AE00F78670 /* LaunchScreen.storyboard */,
				106DD56C234523AE00F78670 /* Info.plist */,
			);
			path = Moments;
			sourceTree = "<group>";
		};
		106DD574234523AE00F78670 /* MomentsTests */ = {
			isa = PBXGroup;
			children = (
				106DD575234523AE00F78670 /* MomentsTests.swift */,
				106DD577234523AE00F78670 /* Info.plist */,
			);
			path = MomentsTests;
			sourceTree = "<group>";
		};
		106DD57F234523AE00F78670 /* MomentsUITests */ = {
			isa = PBXGroup;
			children = (
				106DD580234523AE00F78670 /* MomentsUITests.swift */,
				106DD582234523AE00F78670 /* Info.plist */,
			);
			path = MomentsUITests;
			sourceTree = "<group>";
		};
/* End PBXGroup section */

/* Begin PBXNativeTarget section */
		106DD55A234523AD00F78670 /* Moments */ = {
			isa = PBXNativeTarget;
			buildConfigurationList = 106DD585234523AE00F78670 /* Build configuration list for PBXNativeTarget "Moments" */;
			buildPhases = (
				106DD557234523AD00F78670 /* Sources */,
				106DD558234523AD00F78670 /* Frameworks */,
				106DD559234523AD00F78670 /* Resources */,
			);
			buildRules = (
			);
			dependencies = (
			);
			name = Moments;
			productName = Moments;
			productReference = 106DD55B234523AD00F78670 /* Moments.app */;
			productType = "com.apple.product-type.application";
		};
		106DD570234523AE00F78670 /* MomentsTests */ = {
			isa = PBXNativeTarget;
			buildConfigurationList = 106DD588234523AE00F78670 /* Build configuration list for PBXNativeTarget "MomentsTests" */;
			buildPhases = (
				106DD56D234523AE00F78670 /* Sources */,
				106DD56E234523AE00F78670 /* Frameworks */,
				106DD56F234523AE00F78670 /* Resources */,
			);
			buildRules = (
			);
			dependencies = (
				106DD573234523AE00F78670 /* PBXTargetDependency */,
			);
			name = MomentsTests;
			productName = MomentsTests;
			productReference = 106DD571234523AE00F78670 /* MomentsTests.xctest */;
			productType = "com.apple.product-type.bundle.unit-test";
		};
		106DD57B234523AE00F78670 /* MomentsUITests */ = {
			isa = PBXNativeTarget;
			buildConfigurationList = 106DD58B234523AE00F78670 /* Build configuration list for PBXNativeTarget "MomentsUITests" */;
			buildPhases = (
				106DD578234523AE00F78670 /* Sources */,
				106DD579234523AE00F78670 /* Frameworks */,
				106DD57A234523AE00F78670 /* Resources */,
			);
			buildRules = (
			);
			dependencies = (
				106DD57E234523AE00F78670 /* PBXTargetDependency */,
			);
			name = MomentsUITests;
			productName = MomentsUITests;
			productReference = 106DD57C234523AE00F78670 /* MomentsUITests.xctest */;
			productType = "com.apple.product-type.bundle.ui-testing";
		};
/* End PBXNativeTarget section */

/* Begin PBXProject section */
		106DD553234523AD00F78670 /* Project object */ = {
			isa = PBXProject;
			attributes = {
				LastSwiftUpdateCheck = 1100;
				LastUpgradeCheck = 1100;
				ORGANIZATIONNAME = Quotidiaphile;
				TargetAttributes = {
					106DD55A234523AD00F78670 = {
						CreatedOnToolsVersion = 11.0;
					};
					106DD570234523AE00F78670 = {
						CreatedOnToolsVersion = 11.0;
						TestTargetID = 106DD55A234523AD00F78670;
					};
					106DD57B234523AE00F78670 = {
						CreatedOnToolsVersion = 11.0;
						TestTargetID = 106DD55A234523AD00F78670;
					};
				};
			};
			buildConfigurationList = 106DD556234523AD00F78670 /* Build configuration list for PBXProject "Moments" */;
			compatibilityVersion = "Xcode 9.3";
			developmentRegion = en;
			hasScannedForEncodings = 0;
			knownRegions = (
				en,
				Base,
			);
			mainGroup = 106DD552234523AD00F78670;
			productRefGroup = 106DD55C234523AD00F78670 /* Products */;
			projectDirPath = "";
			projectRoot = "";
			targets = (
				106DD55A234523AD00F78670 /* Moments */,
				106DD570234523AE00F78670 /* MomentsTests */,
				106DD57B234523AE00F78670 /* MomentsUITests */,
			);
		};
/* End PBXProject section */

/* Begin PBXResourcesBuildPhase section */
		106DD559234523AD00F78670 /* Resources */ = {
			isa = PBXResourcesBuildPhase;
			buildActionMask = 2147483647;
			files = (
				106DD56B234523AE00F78670 /* LaunchScreen.storyboard in Resources */,
				106DD568234523AE00F78670 /* Assets.xcassets in Resources */,
				106DD566234523AD00F78670 /* Main.storyboard in Resources */,
			);
			runOnlyForDeploymentPostprocessing = 0;
		};
		106DD56F234523AE00F78670 /* Resources */ = {
			isa = PBXResourcesBuildPhase;
			buildActionMask = 2147483647;
			files = (
			);
			runOnlyForDeploymentPostprocessing = 0;
		};
		106DD57A234523AE00F78670 /* Resources */ = {
			isa = PBXResourcesBuildPhase;
			buildActionMask = 2147483647;
			files = (
			);
			runOnlyForDeploymentPostprocessing = 0;
		};
/* End PBXResourcesBuildPhase section */

/* Begin PBXSourcesBuildPhase section */
		106DD557234523AD00F78670 /* Sources */ = {
			isa = PBXSourcesBuildPhase;
			buildActionMask = 2147483647;
			files = (
				106DD563234523AD00F78670 /* ViewController.swift in Sources */,
				106DD55F234523AD00F78670 /* AppDelegate.swift in Sources */,
				10C48B0423452D7F009F604C /* QPTimer.swift in Sources */,
				106DD561234523AD00F78670 /* SceneDelegate.swift in Sources */,
			);
			runOnlyForDeploymentPostprocessing = 0;
		};
		106DD56D234523AE00F78670 /* Sources */ = {
			isa = PBXSourcesBuildPhase;
			buildActionMask = 2147483647;
			files = (
				106DD576234523AE00F78670 /* MomentsTests.swift in Sources */,
			);
			runOnlyForDeploymentPostprocessing = 0;
		};
		106DD578234523AE00F78670 /* Sources */ = {
			isa = PBXSourcesBuildPhase;
			buildActionMask = 2147483647;
			files = (
				106DD581234523AE00F78670 /* MomentsUITests.swift in Sources */,
			);
			runOnlyForDeploymentPostprocessing = 0;
		};
/* End PBXSourcesBuildPhase section */

/* Begin PBXTargetDependency section */
		106DD573234523AE00F78670 /* PBXTargetDependency */ = {
			isa = PBXTargetDependency;
			target = 106DD55A234523AD00F78670 /* Moments */;
			targetProxy = 106DD572234523AE00F78670 /* PBXContainerItemProxy */;
		};
		106DD57E234523AE00F78670 /* PBXTargetDependency */ = {
			isa = PBXTargetDependency;
			target = 106DD55A234523AD00F78670 /* Moments */;
			targetProxy = 106DD57D234523AE00F78670 /* PBXContainerItemProxy */;
		};
/* End PBXTargetDependency section */

/* Begin PBXVariantGroup section */
		106DD564234523AD00F78670 /* Main.storyboard */ = {
			isa = PBXVariantGroup;
			children = (
				106DD565234523AD00F78670 /* Base */,
			);
			name = Main.storyboard;
			sourceTree = "<group>";
		};
		106DD569234523AE00F78670 /* LaunchScreen.storyboard */ = {
			isa = PBXVariantGroup;
			children = (
				106DD56A234523AE00F78670 /* Base */,
			);
			name = LaunchScreen.storyboard;
			sourceTree = "<group>";
		};
/* End PBXVariantGroup section */

/* Begin XCBuildConfiguration section */
		106DD583234523AE00F78670 /* Debug */ = {
			isa = XCBuildConfiguration;
			buildSettings = {
				ALWAYS_SEARCH_USER_PATHS = NO;
				CLANG_ANALYZER_NONNULL = YES;
				CLANG_ANALYZER_NUMBER_OBJECT_CONVERSION = YES_AGGRESSIVE;
				CLANG_CXX_LANGUAGE_STANDARD = "gnu++14";
				CLANG_CXX_LIBRARY = "libc++";
				CLANG_ENABLE_MODULES = YES;
				CLANG_ENABLE_OBJC_ARC = YES;
				CLANG_ENABLE_OBJC_WEAK = YES;
				CLANG_WARN_BLOCK_CAPTURE_AUTORELEASING = YES;
				CLANG_WARN_BOOL_CONVERSION = YES;
				CLANG_WARN_COMMA = YES;
				CLANG_WARN_CONSTANT_CONVERSION = YES;
				CLANG_WARN_DEPRECATED_OBJC_IMPLEMENTATIONS = YES;
				CLANG_WARN_DIRECT_OBJC_ISA_USAGE = YES_ERROR;
				CLANG_WARN_DOCUMENTATION_COMMENTS = YES;
				CLANG_WARN_EMPTY_BODY = YES;
				CLANG_WARN_ENUM_CONVERSION = YES;
				CLANG_WARN_INFINITE_RECURSION = YES;
				CLANG_WARN_INT_CONVERSION = YES;
				CLANG_WARN_NON_LITERAL_NULL_CONVERSION = YES;
				CLANG_WARN_OBJC_IMPLICIT_RETAIN_SELF = YES;
				CLANG_WARN_OBJC_LITERAL_CONVERSION = YES;
				CLANG_WARN_OBJC_ROOT_CLASS = YES_ERROR;
				CLANG_WARN_RANGE_LOOP_ANALYSIS = YES;
				CLANG_WARN_STRICT_PROTOTYPES = YES;
				CLANG_WARN_SUSPICIOUS_MOVE = YES;
				CLANG_WARN_UNGUARDED_AVAILABILITY = YES_AGGRESSIVE;
				CLANG_WARN_UNREACHABLE_CODE = YES;
				CLANG_WARN__DUPLICATE_METHOD_MATCH = YES;
				COPY_PHASE_STRIP = NO;
				DEBUG_INFORMATION_FORMAT = dwarf;
				ENABLE_STRICT_OBJC_MSGSEND = YES;
				ENABLE_TESTABILITY = YES;
				GCC_C_LANGUAGE_STANDARD = gnu11;
				GCC_DYNAMIC_NO_PIC = NO;
				GCC_NO_COMMON_BLOCKS = YES;
				GCC_OPTIMIZATION_LEVEL = 0;
				GCC_PREPROCESSOR_DEFINITIONS = (
					"DEBUG=1",
					"$(inherited)",
				);
				GCC_WARN_64_TO_32_BIT_CONVERSION = YES;
				GCC_WARN_ABOUT_RETURN_TYPE = YES_ERROR;
				GCC_WARN_UNDECLARED_SELECTOR = YES;
				GCC_WARN_UNINITIALIZED_AUTOS = YES_AGGRESSIVE;
				GCC_WARN_UNUSED_FUNCTION = YES;
				GCC_WARN_UNUSED_VARIABLE = YES;
				IPHONEOS_DEPLOYMENT_TARGET = 13.0;
				MTL_ENABLE_DEBUG_INFO = INCLUDE_SOURCE;
				MTL_FAST_MATH = YES;
				ONLY_ACTIVE_ARCH = YES;
				SDKROOT = iphoneos;
				SWIFT_ACTIVE_COMPILATION_CONDITIONS = DEBUG;
				SWIFT_OPTIMIZATION_LEVEL = "-Onone";
			};
			name = Debug;
		};
		106DD584234523AE00F78670 /* Release */ = {
			isa = XCBuildConfiguration;
			buildSettings = {
				ALWAYS_SEARCH_USER_PATHS = NO;
				CLANG_ANALYZER_NONNULL = YES;
				CLANG_ANALYZER_NUMBER_OBJECT_CONVERSION = YES_AGGRESSIVE;
				CLANG_CXX_LANGUAGE_STANDARD = "gnu++14";
				CLANG_CXX_LIBRARY = "libc++";
				CLANG_ENABLE_MODULES = YES;
				CLANG_ENABLE_OBJC_ARC = YES;
				CLANG_ENABLE_OBJC_WEAK = YES;
				CLANG_WARN_BLOCK_CAPTURE_AUTORELEASING = YES;
				CLANG_WARN_BOOL_CONVERSION = YES;
				CLANG_WARN_COMMA = YES;
				CLANG_WARN_CONSTANT_CONVERSION = YES;
				CLANG_WARN_DEPRECATED_OBJC_IMPLEMENTATIONS = YES;
				CLANG_WARN_DIRECT_OBJC_ISA_USAGE = YES_ERROR;
				CLANG_WARN_DOCUMENTATION_COMMENTS = YES;
				CLANG_WARN_EMPTY_BODY = YES;
				CLANG_WARN_ENUM_CONVERSION = YES;
				CLANG_WARN_INFINITE_RECURSION = YES;
				CLANG_WARN_INT_CONVERSION = YES;
				CLANG_WARN_NON_LITERAL_NULL_CONVERSION = YES;
				CLANG_WARN_OBJC_IMPLICIT_RETAIN_SELF = YES;
				CLANG_WARN_OBJC_LITERAL_CONVERSION = YES;
				CLANG_WARN_OBJC_ROOT_CLASS = YES_ERROR;
				CLANG_WARN_RANGE_LOOP_ANALYSIS = YES;
				CLANG_WARN_STRICT_PROTOTYPES = YES;
				CLANG_WARN_SUSPICIOUS_MOVE = YES;
				CLANG_WARN_UNGUARDED_AVAILABILITY = YES_AGGRESSIVE;
				CLANG_WARN_UNREACHABLE_CODE = YES;
				CLANG_WARN__DUPLICATE_METHOD_MATCH = YES;
				COPY_PHASE_STRIP = NO;
				DEBUG_INFORMATION_FORMAT = "dwarf-with-dsym";
				ENABLE_NS_ASSERTIONS = NO;
				ENABLE_STRICT_OBJC_MSGSEND = YES;
				GCC_C_LANGUAGE_STANDARD = gnu11;
				GCC_NO_COMMON_BLOCKS = YES;
				GCC_WARN_64_TO_32_BIT_CONVERSION = YES;
				GCC_WARN_ABOUT_RETURN_TYPE = YES_ERROR;
				GCC_WARN_UNDECLARED_SELECTOR = YES;
				GCC_WARN_UNINITIALIZED_AUTOS = YES_AGGRESSIVE;
				GCC_WARN_UNUSED_FUNCTION = YES;
				GCC_WARN_UNUSED_VARIABLE = YES;
				IPHONEOS_DEPLOYMENT_TARGET = 13.0;
				MTL_ENABLE_DEBUG_INFO = NO;
				MTL_FAST_MATH = YES;
				SDKROOT = iphoneos;
				SWIFT_COMPILATION_MODE = wholemodule;
				SWIFT_OPTIMIZATION_LEVEL = "-O";
				VALIDATE_PRODUCT = YES;
			};
			name = Release;
		};
		106DD586234523AE00F78670 /* Debug */ = {
			isa = XCBuildConfiguration;
			buildSettings = {
				ASSETCATALOG_COMPILER_APPICON_NAME = AppIcon;
				CODE_SIGN_STYLE = Automatic;
				DEVELOPMENT_TEAM = 86BZ678AJZ;
				INFOPLIST_FILE = Moments/Info.plist;
				LD_RUNPATH_SEARCH_PATHS = (
					"$(inherited)",
					"@executable_path/Frameworks",
				);
				PRODUCT_BUNDLE_IDENTIFIER = com.quotidiaphile.Moments;
				PRODUCT_NAME = "$(TARGET_NAME)";
				SWIFT_VERSION = 5.0;
				TARGETED_DEVICE_FAMILY = "1,2";
			};
			name = Debug;
		};
		106DD587234523AE00F78670 /* Release */ = {
			isa = XCBuildConfiguration;
			buildSettings = {
				ASSETCATALOG_COMPILER_APPICON_NAME = AppIcon;
				CODE_SIGN_STYLE = Automatic;
				DEVELOPMENT_TEAM = 86BZ678AJZ;
				INFOPLIST_FILE = Moments/Info.plist;
				LD_RUNPATH_SEARCH_PATHS = (
					"$(inherited)",
					"@executable_path/Frameworks",
				);
				PRODUCT_BUNDLE_IDENTIFIER = com.quotidiaphile.Moments;
				PRODUCT_NAME = "$(TARGET_NAME)";
				SWIFT_VERSION = 5.0;
				TARGETED_DEVICE_FAMILY = "1,2";
			};
			name = Release;
		};
		106DD589234523AE00F78670 /* Debug */ = {
			isa = XCBuildConfiguration;
			buildSettings = {
				ALWAYS_EMBED_SWIFT_STANDARD_LIBRARIES = YES;
				BUNDLE_LOADER = "$(TEST_HOST)";
				CODE_SIGN_STYLE = Automatic;
				DEVELOPMENT_TEAM = 86BZ678AJZ;
				INFOPLIST_FILE = MomentsTests/Info.plist;
				IPHONEOS_DEPLOYMENT_TARGET = 13.0;
				LD_RUNPATH_SEARCH_PATHS = (
					"$(inherited)",
					"@executable_path/Frameworks",
					"@loader_path/Frameworks",
				);
				PRODUCT_BUNDLE_IDENTIFIER = com.quotidiaphile.MomentsTests;
				PRODUCT_NAME = "$(TARGET_NAME)";
				SWIFT_VERSION = 5.0;
				TARGETED_DEVICE_FAMILY = "1,2";
				TEST_HOST = "$(BUILT_PRODUCTS_DIR)/Moments.app/Moments";
			};
			name = Debug;
		};
		106DD58A234523AE00F78670 /* Release */ = {
			isa = XCBuildConfiguration;
			buildSettings = {
				ALWAYS_EMBED_SWIFT_STANDARD_LIBRARIES = YES;
				BUNDLE_LOADER = "$(TEST_HOST)";
				CODE_SIGN_STYLE = Automatic;
				DEVELOPMENT_TEAM = 86BZ678AJZ;
				INFOPLIST_FILE = MomentsTests/Info.plist;
				IPHONEOS_DEPLOYMENT_TARGET = 13.0;
				LD_RUNPATH_SEARCH_PATHS = (
					"$(inherited)",
					"@executable_path/Frameworks",
					"@loader_path/Frameworks",
				);
				PRODUCT_BUNDLE_IDENTIFIER = com.quotidiaphile.MomentsTests;
				PRODUCT_NAME = "$(TARGET_NAME)";
				SWIFT_VERSION = 5.0;
				TARGETED_DEVICE_FAMILY = "1,2";
				TEST_HOST = "$(BUILT_PRODUCTS_DIR)/Moments.app/Moments";
			};
			name = Release;
		};
		106DD58C234523AE00F78670 /* Debug */ = {
			isa = XCBuildConfiguration;
			buildSettings = {
				ALWAYS_EMBED_SWIFT_STANDARD_LIBRARIES = YES;
				CODE_SIGN_STYLE = Automatic;
				DEVELOPMENT_TEAM = 86BZ678AJZ;
				INFOPLIST_FILE = MomentsUITests/Info.plist;
				LD_RUNPATH_SEARCH_PATHS = (
					"$(inherited)",
					"@executable_path/Frameworks",
					"@loader_path/Frameworks",
				);
				PRODUCT_BUNDLE_IDENTIFIER = com.quotidiaphile.MomentsUITests;
				PRODUCT_NAME = "$(TARGET_NAME)";
				SWIFT_VERSION = 5.0;
				TARGETED_DEVICE_FAMILY = "1,2";
				TEST_TARGET_NAME = Moments;
			};
			name = Debug;
		};
		106DD58D234523AE00F78670 /* Release */ = {
			isa = XCBuildConfiguration;
			buildSettings = {
				ALWAYS_EMBED_SWIFT_STANDARD_LIBRARIES = YES;
				CODE_SIGN_STYLE = Automatic;
				DEVELOPMENT_TEAM = 86BZ678AJZ;
				INFOPLIST_FILE = MomentsUITests/Info.plist;
				LD_RUNPATH_SEARCH_PATHS = (
					"$(inherited)",
					"@executable_path/Frameworks",
					"@loader_path/Frameworks",
				);
				PRODUCT_BUNDLE_IDENTIFIER = com.quotidiaphile.MomentsUITests;
				PRODUCT_NAME = "$(TARGET_NAME)";
				SWIFT_VERSION = 5.0;
				TARGETED_DEVICE_FAMILY = "1,2";
				TEST_TARGET_NAME = Moments;
			};
			name = Release;
		};
/* End XCBuildConfiguration section */

/* Begin XCConfigurationList section */
		106DD556234523AD00F78670 /* Build configuration list for PBXProject "Moments" */ = {
			isa = XCConfigurationList;
			buildConfigurations = (
				106DD583234523AE00F78670 /* Debug */,
				106DD584234523AE00F78670 /* Release */,
			);
			defaultConfigurationIsVisible = 0;
			defaultConfigurationName = Release;
		};
		106DD585234523AE00F78670 /* Build configuration list for PBXNativeTarget "Moments" */ = {
			isa = XCConfigurationList;
			buildConfigurations = (
				106DD586234523AE00F78670 /* Debug */,
				106DD587234523AE00F78670 /* Release */,
			);
			defaultConfigurationIsVisible = 0;
			defaultConfigurationName = Release;
		};
		106DD588234523AE00F78670 /* Build configuration list for PBXNativeTarget "MomentsTests" */ = {
			isa = XCConfigurationList;
			buildConfigurations = (
				106DD589234523AE00F78670 /* Debug */,
				106DD58A234523AE00F78670 /* Release */,
			);
			defaultConfigurationIsVisible = 0;
			defaultConfigurationName = Release;
		};
		106DD58B234523AE00F78670 /* Build configuration list for PBXNativeTarget "MomentsUITests" */ = {
			isa = XCConfigurationList;
			buildConfigurations = (
				106DD58C234523AE00F78670 /* Debug */,
				106DD58D234523AE00F78670 /* Release */,
			);
			defaultConfigurationIsVisible = 0;
			defaultConfigurationName = Release;
		};
/* End XCConfigurationList section */
	};
	rootObject = 106DD553234523AD00F78670 /* Project object */;
}
